// !$*UTF8*$!
{
	archiveVersion = 1;
	classes = {
	};
	objectVersion = 51;
	objects = {

/* Begin PBXBuildFile section */
		635E657326C133D400F1FD79 /* GoogleService-Info.plist in Resources */ = {isa = PBXBuildFile; fileRef = 635E657226C133D400F1FD79 /* GoogleService-Info.plist */; };
		635E657626C1374000F1FD79 /* DatabaseManager.swift in Sources */ = {isa = PBXBuildFile; fileRef = 635E657526C1374000F1FD79 /* DatabaseManager.swift */; };
		635E657826C137D600F1FD79 /* AuthManager.swift in Sources */ = {isa = PBXBuildFile; fileRef = 635E657726C137D600F1FD79 /* AuthManager.swift */; };
		635E657A26C1382700F1FD79 /* StorageManager.swift in Sources */ = {isa = PBXBuildFile; fileRef = 635E657926C1382700F1FD79 /* StorageManager.swift */; };
		63B16BB226C030EA00EFBBB5 /* AppDelegate.swift in Sources */ = {isa = PBXBuildFile; fileRef = 63B16BB126C030EA00EFBBB5 /* AppDelegate.swift */; };
		63B16BB426C030EA00EFBBB5 /* SceneDelegate.swift in Sources */ = {isa = PBXBuildFile; fileRef = 63B16BB326C030EA00EFBBB5 /* SceneDelegate.swift */; };
		63B16BB626C030EA00EFBBB5 /* HomeViewController.swift in Sources */ = {isa = PBXBuildFile; fileRef = 63B16BB526C030EA00EFBBB5 /* HomeViewController.swift */; };
		63B16BB926C030EA00EFBBB5 /* Main.storyboard in Resources */ = {isa = PBXBuildFile; fileRef = 63B16BB726C030EA00EFBBB5 /* Main.storyboard */; };
		63B16BBB26C030ED00EFBBB5 /* Assets.xcassets in Resources */ = {isa = PBXBuildFile; fileRef = 63B16BBA26C030ED00EFBBB5 /* Assets.xcassets */; };
		63B16BBE26C030ED00EFBBB5 /* LaunchScreen.storyboard in Resources */ = {isa = PBXBuildFile; fileRef = 63B16BBC26C030ED00EFBBB5 /* LaunchScreen.storyboard */; };
		63B16BCB26C0320000EFBBB5 /* ExploreViewController.swift in Sources */ = {isa = PBXBuildFile; fileRef = 63B16BCA26C0320000EFBBB5 /* ExploreViewController.swift */; };
		63B16BCD26C0322700EFBBB5 /* CameraViewController.swift in Sources */ = {isa = PBXBuildFile; fileRef = 63B16BCC26C0322700EFBBB5 /* CameraViewController.swift */; };
		63B16BCF26C0323900EFBBB5 /* NotificationViewController.swift in Sources */ = {isa = PBXBuildFile; fileRef = 63B16BCE26C0323900EFBBB5 /* NotificationViewController.swift */; };
		63B16BD126C0324A00EFBBB5 /* ProfileViewController.swift in Sources */ = {isa = PBXBuildFile; fileRef = 63B16BD026C0324A00EFBBB5 /* ProfileViewController.swift */; };
		63B16BD626C032AB00EFBBB5 /* LoginViewController.swift in Sources */ = {isa = PBXBuildFile; fileRef = 63B16BD526C032AB00EFBBB5 /* LoginViewController.swift */; };
		63B16BD826C032B800EFBBB5 /* RegistrationViewController.swift in Sources */ = {isa = PBXBuildFile; fileRef = 63B16BD726C032B800EFBBB5 /* RegistrationViewController.swift */; };
		63B16BDA26C032D700EFBBB5 /* PostViewController.swift in Sources */ = {isa = PBXBuildFile; fileRef = 63B16BD926C032D700EFBBB5 /* PostViewController.swift */; };
		63B16BDC26C032FE00EFBBB5 /* EditProfileViewController.swift in Sources */ = {isa = PBXBuildFile; fileRef = 63B16BDB26C032FE00EFBBB5 /* EditProfileViewController.swift */; };
		63B16BDE26C0330F00EFBBB5 /* SettingsViewController.swift in Sources */ = {isa = PBXBuildFile; fileRef = 63B16BDD26C0330F00EFBBB5 /* SettingsViewController.swift */; };
		63B16BE026C0331B00EFBBB5 /* ListViewController.swift in Sources */ = {isa = PBXBuildFile; fileRef = 63B16BDF26C0331B00EFBBB5 /* ListViewController.swift */; };
		63B16BE226C0332E00EFBBB5 /* SearchViewController.swift in Sources */ = {isa = PBXBuildFile; fileRef = 63B16BE126C0332E00EFBBB5 /* SearchViewController.swift */; };
		63B16BE426C0333C00EFBBB5 /* SearchResultViewController.swift in Sources */ = {isa = PBXBuildFile; fileRef = 63B16BE326C0333C00EFBBB5 /* SearchResultViewController.swift */; };
		63B16BE626C0336200EFBBB5 /* PostEditorViewController.swift in Sources */ = {isa = PBXBuildFile; fileRef = 63B16BE526C0336200EFBBB5 /* PostEditorViewController.swift */; };
		63B16BE826C0336F00EFBBB5 /* PublishPostViewController.swift in Sources */ = {isa = PBXBuildFile; fileRef = 63B16BE726C0336F00EFBBB5 /* PublishPostViewController.swift */; };
		63E6A57526C6A378003268A4 /* Extensions.swift in Sources */ = {isa = PBXBuildFile; fileRef = 63E6A57426C6A378003268A4 /* Extensions.swift */; };
		660011111CEBC5BD289A2B77 /* Pods_Instagram.framework in Frameworks */ = {isa = PBXBuildFile; fileRef = 0D2EFACF3FAAE607728F01EC /* Pods_Instagram.framework */; };
/* End PBXBuildFile section */

/* Begin PBXFileReference section */
		0D2EFACF3FAAE607728F01EC /* Pods_Instagram.framework */ = {isa = PBXFileReference; explicitFileType = wrapper.framework; includeInIndex = 0; path = Pods_Instagram.framework; sourceTree = BUILT_PRODUCTS_DIR; };
		635E657226C133D400F1FD79 /* GoogleService-Info.plist */ = {isa = PBXFileReference; fileEncoding = 4; lastKnownFileType = text.plist.xml; path = "GoogleService-Info.plist"; sourceTree = "<group>"; };
		635E657526C1374000F1FD79 /* DatabaseManager.swift */ = {isa = PBXFileReference; lastKnownFileType = sourcecode.swift; path = DatabaseManager.swift; sourceTree = "<group>"; };
		635E657726C137D600F1FD79 /* AuthManager.swift */ = {isa = PBXFileReference; lastKnownFileType = sourcecode.swift; path = AuthManager.swift; sourceTree = "<group>"; };
		635E657926C1382700F1FD79 /* StorageManager.swift */ = {isa = PBXFileReference; lastKnownFileType = sourcecode.swift; path = StorageManager.swift; sourceTree = "<group>"; };
		63B16BAE26C030EA00EFBBB5 /* Instagram.app */ = {isa = PBXFileReference; explicitFileType = wrapper.application; includeInIndex = 0; path = Instagram.app; sourceTree = BUILT_PRODUCTS_DIR; };
		63B16BB126C030EA00EFBBB5 /* AppDelegate.swift */ = {isa = PBXFileReference; lastKnownFileType = sourcecode.swift; path = AppDelegate.swift; sourceTree = "<group>"; };
		63B16BB326C030EA00EFBBB5 /* SceneDelegate.swift */ = {isa = PBXFileReference; lastKnownFileType = sourcecode.swift; path = SceneDelegate.swift; sourceTree = "<group>"; };
		63B16BB526C030EA00EFBBB5 /* HomeViewController.swift */ = {isa = PBXFileReference; lastKnownFileType = sourcecode.swift; path = HomeViewController.swift; sourceTree = "<group>"; };
		63B16BB826C030EA00EFBBB5 /* Base */ = {isa = PBXFileReference; lastKnownFileType = file.storyboard; name = Base; path = Base.lproj/Main.storyboard; sourceTree = "<group>"; };
		63B16BBA26C030ED00EFBBB5 /* Assets.xcassets */ = {isa = PBXFileReference; lastKnownFileType = folder.assetcatalog; path = Assets.xcassets; sourceTree = "<group>"; };
		63B16BBD26C030ED00EFBBB5 /* Base */ = {isa = PBXFileReference; lastKnownFileType = file.storyboard; name = Base; path = Base.lproj/LaunchScreen.storyboard; sourceTree = "<group>"; };
		63B16BBF26C030ED00EFBBB5 /* Info.plist */ = {isa = PBXFileReference; lastKnownFileType = text.plist.xml; path = Info.plist; sourceTree = "<group>"; };
		63B16BCA26C0320000EFBBB5 /* ExploreViewController.swift */ = {isa = PBXFileReference; lastKnownFileType = sourcecode.swift; path = ExploreViewController.swift; sourceTree = "<group>"; };
		63B16BCC26C0322700EFBBB5 /* CameraViewController.swift */ = {isa = PBXFileReference; lastKnownFileType = sourcecode.swift; path = CameraViewController.swift; sourceTree = "<group>"; };
		63B16BCE26C0323900EFBBB5 /* NotificationViewController.swift */ = {isa = PBXFileReference; lastKnownFileType = sourcecode.swift; path = NotificationViewController.swift; sourceTree = "<group>"; };
		63B16BD026C0324A00EFBBB5 /* ProfileViewController.swift */ = {isa = PBXFileReference; lastKnownFileType = sourcecode.swift; path = ProfileViewController.swift; sourceTree = "<group>"; };
		63B16BD526C032AB00EFBBB5 /* LoginViewController.swift */ = {isa = PBXFileReference; lastKnownFileType = sourcecode.swift; path = LoginViewController.swift; sourceTree = "<group>"; };
		63B16BD726C032B800EFBBB5 /* RegistrationViewController.swift */ = {isa = PBXFileReference; lastKnownFileType = sourcecode.swift; path = RegistrationViewController.swift; sourceTree = "<group>"; };
		63B16BD926C032D700EFBBB5 /* PostViewController.swift */ = {isa = PBXFileReference; lastKnownFileType = sourcecode.swift; path = PostViewController.swift; sourceTree = "<group>"; };
		63B16BDB26C032FE00EFBBB5 /* EditProfileViewController.swift */ = {isa = PBXFileReference; lastKnownFileType = sourcecode.swift; path = EditProfileViewController.swift; sourceTree = "<group>"; };
		63B16BDD26C0330F00EFBBB5 /* SettingsViewController.swift */ = {isa = PBXFileReference; lastKnownFileType = sourcecode.swift; path = SettingsViewController.swift; sourceTree = "<group>"; };
		63B16BDF26C0331B00EFBBB5 /* ListViewController.swift */ = {isa = PBXFileReference; lastKnownFileType = sourcecode.swift; path = ListViewController.swift; sourceTree = "<group>"; };
		63B16BE126C0332E00EFBBB5 /* SearchViewController.swift */ = {isa = PBXFileReference; lastKnownFileType = sourcecode.swift; path = SearchViewController.swift; sourceTree = "<group>"; };
		63B16BE326C0333C00EFBBB5 /* SearchResultViewController.swift */ = {isa = PBXFileReference; lastKnownFileType = sourcecode.swift; path = SearchResultViewController.swift; sourceTree = "<group>"; };
		63B16BE526C0336200EFBBB5 /* PostEditorViewController.swift */ = {isa = PBXFileReference; lastKnownFileType = sourcecode.swift; path = PostEditorViewController.swift; sourceTree = "<group>"; };
		63B16BE726C0336F00EFBBB5 /* PublishPostViewController.swift */ = {isa = PBXFileReference; lastKnownFileType = sourcecode.swift; path = PublishPostViewController.swift; sourceTree = "<group>"; };
		63E6A57426C6A378003268A4 /* Extensions.swift */ = {isa = PBXFileReference; lastKnownFileType = sourcecode.swift; path = Extensions.swift; sourceTree = "<group>"; };
		8E43D7430575703356329EC1 /* Pods-Instagram.release.xcconfig */ = {isa = PBXFileReference; includeInIndex = 1; lastKnownFileType = text.xcconfig; name = "Pods-Instagram.release.xcconfig"; path = "Target Support Files/Pods-Instagram/Pods-Instagram.release.xcconfig"; sourceTree = "<group>"; };
		D5D70C59DAFFAECDFA4807A8 /* Pods-Instagram.debug.xcconfig */ = {isa = PBXFileReference; includeInIndex = 1; lastKnownFileType = text.xcconfig; name = "Pods-Instagram.debug.xcconfig"; path = "Target Support Files/Pods-Instagram/Pods-Instagram.debug.xcconfig"; sourceTree = "<group>"; };
/* End PBXFileReference section */

/* Begin PBXFrameworksBuildPhase section */
		63B16BAB26C030EA00EFBBB5 /* Frameworks */ = {
			isa = PBXFrameworksBuildPhase;
			buildActionMask = 2147483647;
			files = (
				660011111CEBC5BD289A2B77 /* Pods_Instagram.framework in Frameworks */,
			);
			runOnlyForDeploymentPostprocessing = 0;
		};
/* End PBXFrameworksBuildPhase section */

/* Begin PBXGroup section */
		635E657426C136C000F1FD79 /* General */ = {
			isa = PBXGroup;
			children = (
				63B16BDD26C0330F00EFBBB5 /* SettingsViewController.swift */,
				63B16BD926C032D700EFBBB5 /* PostViewController.swift */,
				63B16BDB26C032FE00EFBBB5 /* EditProfileViewController.swift */,
				63B16BDF26C0331B00EFBBB5 /* ListViewController.swift */,
				63B16BE126C0332E00EFBBB5 /* SearchViewController.swift */,
				63B16BE326C0333C00EFBBB5 /* SearchResultViewController.swift */,
				63B16BE526C0336200EFBBB5 /* PostEditorViewController.swift */,
				63B16BE726C0336F00EFBBB5 /* PublishPostViewController.swift */,
			);
			path = General;
			sourceTree = "<group>";
		};
		63B16BA526C030EA00EFBBB5 = {
			isa = PBXGroup;
			children = (
				63B16BB026C030EA00EFBBB5 /* Instagram */,
				63B16BAF26C030EA00EFBBB5 /* Products */,
				728F375F8B59B98AD65E8643 /* Pods */,
				F621B6179C8CAB0855368B85 /* Frameworks */,
			);
			sourceTree = "<group>";
		};
		63B16BAF26C030EA00EFBBB5 /* Products */ = {
			isa = PBXGroup;
			children = (
				63B16BAE26C030EA00EFBBB5 /* Instagram.app */,
			);
			name = Products;
			sourceTree = "<group>";
		};
		63B16BB026C030EA00EFBBB5 /* Instagram */ = {
			isa = PBXGroup;
			children = (
				63B16BC826C0314900EFBBB5 /* Resources */,
				63B16BC726C0314300EFBBB5 /* Models */,
				63B16BC626C0313E00EFBBB5 /* Views */,
				63B16BC526C0313700EFBBB5 /* Controllers */,
				63B16BBF26C030ED00EFBBB5 /* Info.plist */,
			);
			path = Instagram;
			sourceTree = "<group>";
		};
		63B16BC526C0313700EFBBB5 /* Controllers */ = {
			isa = PBXGroup;
			children = (
				63B16BD326C0329000EFBBB5 /* Other */,
				63B16BD226C0326300EFBBB5 /* Core Tabs */,
			);
			path = Controllers;
			sourceTree = "<group>";
		};
		63B16BC626C0313E00EFBBB5 /* Views */ = {
			isa = PBXGroup;
			children = (
				63B16BC926C0317F00EFBBB5 /* Storyboards */,
				63B16BBA26C030ED00EFBBB5 /* Assets.xcassets */,
			);
			path = Views;
			sourceTree = "<group>";
		};
		63B16BC726C0314300EFBBB5 /* Models */ = {
			isa = PBXGroup;
			children = (
			);
			path = Models;
			sourceTree = "<group>";
		};
		63B16BC826C0314900EFBBB5 /* Resources */ = {
			isa = PBXGroup;
			children = (
				635E657226C133D400F1FD79 /* GoogleService-Info.plist */,
				63B16BB126C030EA00EFBBB5 /* AppDelegate.swift */,
				63B16BB326C030EA00EFBBB5 /* SceneDelegate.swift */,
				635E657526C1374000F1FD79 /* DatabaseManager.swift */,
				635E657726C137D600F1FD79 /* AuthManager.swift */,
				635E657926C1382700F1FD79 /* StorageManager.swift */,
				63E6A57426C6A378003268A4 /* Extensions.swift */,
			);
			path = Resources;
			sourceTree = "<group>";
		};
		63B16BC926C0317F00EFBBB5 /* Storyboards */ = {
			isa = PBXGroup;
			children = (
				63B16BB726C030EA00EFBBB5 /* Main.storyboard */,
				63B16BBC26C030ED00EFBBB5 /* LaunchScreen.storyboard */,
			);
			path = Storyboards;
			sourceTree = "<group>";
		};
		63B16BD226C0326300EFBBB5 /* Core Tabs */ = {
			isa = PBXGroup;
			children = (
				63B16BB526C030EA00EFBBB5 /* HomeViewController.swift */,
				63B16BCA26C0320000EFBBB5 /* ExploreViewController.swift */,
				63B16BCC26C0322700EFBBB5 /* CameraViewController.swift */,
				63B16BCE26C0323900EFBBB5 /* NotificationViewController.swift */,
				63B16BD026C0324A00EFBBB5 /* ProfileViewController.swift */,
			);
			path = "Core Tabs";
			sourceTree = "<group>";
		};
		63B16BD326C0329000EFBBB5 /* Other */ = {
			isa = PBXGroup;
			children = (
				63B16BD426C0329900EFBBB5 /* Onboarding */,
				635E657426C136C000F1FD79 /* General */,
			);
			path = Other;
			sourceTree = "<group>";
		};
		63B16BD426C0329900EFBBB5 /* Onboarding */ = {
			isa = PBXGroup;
			children = (
				63B16BD526C032AB00EFBBB5 /* LoginViewController.swift */,
				63B16BD726C032B800EFBBB5 /* RegistrationViewController.swift */,
			);
			path = Onboarding;
			sourceTree = "<group>";
		};
		728F375F8B59B98AD65E8643 /* Pods */ = {
			isa = PBXGroup;
			children = (
				D5D70C59DAFFAECDFA4807A8 /* Pods-Instagram.debug.xcconfig */,
				8E43D7430575703356329EC1 /* Pods-Instagram.release.xcconfig */,
			);
			path = Pods;
			sourceTree = "<group>";
		};
		F621B6179C8CAB0855368B85 /* Frameworks */ = {
			isa = PBXGroup;
			children = (
				0D2EFACF3FAAE607728F01EC /* Pods_Instagram.framework */,
			);
			name = Frameworks;
			sourceTree = "<group>";
		};
/* End PBXGroup section */

/* Begin PBXNativeTarget section */
		63B16BAD26C030EA00EFBBB5 /* Instagram */ = {
			isa = PBXNativeTarget;
			buildConfigurationList = 63B16BC226C030ED00EFBBB5 /* Build configuration list for PBXNativeTarget "Instagram" */;
			buildPhases = (
				86214D41D9429C0F27957AEF /* [CP] Check Pods Manifest.lock */,
				63B16BAA26C030EA00EFBBB5 /* Sources */,
				63B16BAB26C030EA00EFBBB5 /* Frameworks */,
				63B16BAC26C030EA00EFBBB5 /* Resources */,
				25FA4F20B84773762E5C94B2 /* [CP] Embed Pods Frameworks */,
			);
			buildRules = (
			);
			dependencies = (
			);
			name = Instagram;
			productName = Instagram;
			productReference = 63B16BAE26C030EA00EFBBB5 /* Instagram.app */;
			productType = "com.apple.product-type.application";
		};
/* End PBXNativeTarget section */

/* Begin PBXProject section */
		63B16BA626C030EA00EFBBB5 /* Project object */ = {
			isa = PBXProject;
			attributes = {
				LastSwiftUpdateCheck = 1250;
				LastUpgradeCheck = 1250;
				TargetAttributes = {
					63B16BAD26C030EA00EFBBB5 = {
						CreatedOnToolsVersion = 12.5.1;
					};
				};
			};
			buildConfigurationList = 63B16BA926C030EA00EFBBB5 /* Build configuration list for PBXProject "Instagram" */;
			compatibilityVersion = "Xcode 9.3";
			developmentRegion = en;
			hasScannedForEncodings = 0;
			knownRegions = (
				en,
				Base,
			);
			mainGroup = 63B16BA526C030EA00EFBBB5;
			productRefGroup = 63B16BAF26C030EA00EFBBB5 /* Products */;
			projectDirPath = "";
			projectRoot = "";
			targets = (
				63B16BAD26C030EA00EFBBB5 /* Instagram */,
			);
		};
/* End PBXProject section */

/* Begin PBXResourcesBuildPhase section */
		63B16BAC26C030EA00EFBBB5 /* Resources */ = {
			isa = PBXResourcesBuildPhase;
			buildActionMask = 2147483647;
			files = (
				63B16BBE26C030ED00EFBBB5 /* LaunchScreen.storyboard in Resources */,
				635E657326C133D400F1FD79 /* GoogleService-Info.plist in Resources */,
				63B16BBB26C030ED00EFBBB5 /* Assets.xcassets in Resources */,
				63B16BB926C030EA00EFBBB5 /* Main.storyboard in Resources */,
			);
			runOnlyForDeploymentPostprocessing = 0;
		};
/* End PBXResourcesBuildPhase section */

/* Begin PBXShellScriptBuildPhase section */
		25FA4F20B84773762E5C94B2 /* [CP] Embed Pods Frameworks */ = {
			isa = PBXShellScriptBuildPhase;
			buildActionMask = 2147483647;
			files = (
			);
			inputFileListPaths = (
				"${PODS_ROOT}/Target Support Files/Pods-Instagram/Pods-Instagram-frameworks-${CONFIGURATION}-input-files.xcfilelist",
			);
			name = "[CP] Embed Pods Frameworks";
			outputFileListPaths = (
				"${PODS_ROOT}/Target Support Files/Pods-Instagram/Pods-Instagram-frameworks-${CONFIGURATION}-output-files.xcfilelist",
			);
			runOnlyForDeploymentPostprocessing = 0;
			shellPath = /bin/sh;
			shellScript = "\"${PODS_ROOT}/Target Support Files/Pods-Instagram/Pods-Instagram-frameworks.sh\"\n";
			showEnvVarsInLog = 0;
		};
		86214D41D9429C0F27957AEF /* [CP] Check Pods Manifest.lock */ = {
			isa = PBXShellScriptBuildPhase;
			buildActionMask = 2147483647;
			files = (
			);
			inputFileListPaths = (
			);
			inputPaths = (
				"${PODS_PODFILE_DIR_PATH}/Podfile.lock",
				"${PODS_ROOT}/Manifest.lock",
			);
			name = "[CP] Check Pods Manifest.lock";
			outputFileListPaths = (
			);
			outputPaths = (
				"$(DERIVED_FILE_DIR)/Pods-Instagram-checkManifestLockResult.txt",
			);
			runOnlyForDeploymentPostprocessing = 0;
			shellPath = /bin/sh;
			shellScript = "diff \"${PODS_PODFILE_DIR_PATH}/Podfile.lock\" \"${PODS_ROOT}/Manifest.lock\" > /dev/null\nif [ $? != 0 ] ; then\n    # print error to STDERR\n    echo \"error: The sandbox is not in sync with the Podfile.lock. Run 'pod install' or update your CocoaPods installation.\" >&2\n    exit 1\nfi\n# This output is used by Xcode 'outputs' to avoid re-running this script phase.\necho \"SUCCESS\" > \"${SCRIPT_OUTPUT_FILE_0}\"\n";
			showEnvVarsInLog = 0;
		};
/* End PBXShellScriptBuildPhase section */

/* Begin PBXSourcesBuildPhase section */
		63B16BAA26C030EA00EFBBB5 /* Sources */ = {
			isa = PBXSourcesBuildPhase;
			buildActionMask = 2147483647;
			files = (
				63B16BDC26C032FE00EFBBB5 /* EditProfileViewController.swift in Sources */,
				63B16BCB26C0320000EFBBB5 /* ExploreViewController.swift in Sources */,
				63B16BE826C0336F00EFBBB5 /* PublishPostViewController.swift in Sources */,
				63B16BCD26C0322700EFBBB5 /* CameraViewController.swift in Sources */,
				63B16BCF26C0323900EFBBB5 /* NotificationViewController.swift in Sources */,
				63B16BD826C032B800EFBBB5 /* RegistrationViewController.swift in Sources */,
				63B16BE626C0336200EFBBB5 /* PostEditorViewController.swift in Sources */,
				635E657A26C1382700F1FD79 /* StorageManager.swift in Sources */,
				63B16BDA26C032D700EFBBB5 /* PostViewController.swift in Sources */,
				635E657626C1374000F1FD79 /* DatabaseManager.swift in Sources */,
				63B16BB626C030EA00EFBBB5 /* HomeViewController.swift in Sources */,
				63B16BE426C0333C00EFBBB5 /* SearchResultViewController.swift in Sources */,
				63B16BD626C032AB00EFBBB5 /* LoginViewController.swift in Sources */,
				63E6A57526C6A378003268A4 /* Extensions.swift in Sources */,
				63B16BE226C0332E00EFBBB5 /* SearchViewController.swift in Sources */,
				63B16BD126C0324A00EFBBB5 /* ProfileViewController.swift in Sources */,
				635E657826C137D600F1FD79 /* AuthManager.swift in Sources */,
				63B16BB226C030EA00EFBBB5 /* AppDelegate.swift in Sources */,
				63B16BB426C030EA00EFBBB5 /* SceneDelegate.swift in Sources */,
				63B16BE026C0331B00EFBBB5 /* ListViewController.swift in Sources */,
				63B16BDE26C0330F00EFBBB5 /* SettingsViewController.swift in Sources */,
			);
			runOnlyForDeploymentPostprocessing = 0;
		};
/* End PBXSourcesBuildPhase section */

/* Begin PBXVariantGroup section */
		63B16BB726C030EA00EFBBB5 /* Main.storyboard */ = {
			isa = PBXVariantGroup;
			children = (
				63B16BB826C030EA00EFBBB5 /* Base */,
			);
			name = Main.storyboard;
			sourceTree = "<group>";
		};
		63B16BBC26C030ED00EFBBB5 /* LaunchScreen.storyboard */ = {
			isa = PBXVariantGroup;
			children = (
				63B16BBD26C030ED00EFBBB5 /* Base */,
			);
			name = LaunchScreen.storyboard;
			sourceTree = "<group>";
		};
/* End PBXVariantGroup section */

/* Begin XCBuildConfiguration section */
		63B16BC026C030ED00EFBBB5 /* Debug */ = {
			isa = XCBuildConfiguration;
			buildSettings = {
				ALWAYS_SEARCH_USER_PATHS = NO;
				CLANG_ANALYZER_NONNULL = YES;
				CLANG_ANALYZER_NUMBER_OBJECT_CONVERSION = YES_AGGRESSIVE;
				CLANG_CXX_LANGUAGE_STANDARD = "gnu++14";
				CLANG_CXX_LIBRARY = "libc++";
				CLANG_ENABLE_MODULES = YES;
				CLANG_ENABLE_OBJC_ARC = YES;
				CLANG_ENABLE_OBJC_WEAK = YES;
				CLANG_WARN_BLOCK_CAPTURE_AUTORELEASING = YES;
				CLANG_WARN_BOOL_CONVERSION = YES;
				CLANG_WARN_COMMA = YES;
				CLANG_WARN_CONSTANT_CONVERSION = YES;
				CLANG_WARN_DEPRECATED_OBJC_IMPLEMENTATIONS = YES;
				CLANG_WARN_DIRECT_OBJC_ISA_USAGE = YES_ERROR;
				CLANG_WARN_DOCUMENTATION_COMMENTS = YES;
				CLANG_WARN_EMPTY_BODY = YES;
				CLANG_WARN_ENUM_CONVERSION = YES;
				CLANG_WARN_INFINITE_RECURSION = YES;
				CLANG_WARN_INT_CONVERSION = YES;
				CLANG_WARN_NON_LITERAL_NULL_CONVERSION = YES;
				CLANG_WARN_OBJC_IMPLICIT_RETAIN_SELF = YES;
				CLANG_WARN_OBJC_LITERAL_CONVERSION = YES;
				CLANG_WARN_OBJC_ROOT_CLASS = YES_ERROR;
				CLANG_WARN_QUOTED_INCLUDE_IN_FRAMEWORK_HEADER = YES;
				CLANG_WARN_RANGE_LOOP_ANALYSIS = YES;
				CLANG_WARN_STRICT_PROTOTYPES = YES;
				CLANG_WARN_SUSPICIOUS_MOVE = YES;
				CLANG_WARN_UNGUARDED_AVAILABILITY = YES_AGGRESSIVE;
				CLANG_WARN_UNREACHABLE_CODE = YES;
				CLANG_WARN__DUPLICATE_METHOD_MATCH = YES;
				COPY_PHASE_STRIP = NO;
				DEBUG_INFORMATION_FORMAT = dwarf;
				ENABLE_STRICT_OBJC_MSGSEND = YES;
				ENABLE_TESTABILITY = YES;
				GCC_C_LANGUAGE_STANDARD = gnu11;
				GCC_DYNAMIC_NO_PIC = NO;
				GCC_NO_COMMON_BLOCKS = YES;
				GCC_OPTIMIZATION_LEVEL = 0;
				GCC_PREPROCESSOR_DEFINITIONS = (
					"DEBUG=1",
					"$(inherited)",
				);
				GCC_WARN_64_TO_32_BIT_CONVERSION = YES;
				GCC_WARN_ABOUT_RETURN_TYPE = YES_ERROR;
				GCC_WARN_UNDECLARED_SELECTOR = YES;
				GCC_WARN_UNINITIALIZED_AUTOS = YES_AGGRESSIVE;
				GCC_WARN_UNUSED_FUNCTION = YES;
				GCC_WARN_UNUSED_VARIABLE = YES;
				IPHONEOS_DEPLOYMENT_TARGET = 13.0;
				MTL_ENABLE_DEBUG_INFO = INCLUDE_SOURCE;
				MTL_FAST_MATH = YES;
				ONLY_ACTIVE_ARCH = YES;
				SDKROOT = iphoneos;
				SWIFT_ACTIVE_COMPILATION_CONDITIONS = DEBUG;
				SWIFT_OPTIMIZATION_LEVEL = "-Onone";
			};
			name = Debug;
		};
		63B16BC126C030ED00EFBBB5 /* Release */ = {
			isa = XCBuildConfiguration;
			buildSettings = {
				ALWAYS_SEARCH_USER_PATHS = NO;
				CLANG_ANALYZER_NONNULL = YES;
				CLANG_ANALYZER_NUMBER_OBJECT_CONVERSION = YES_AGGRESSIVE;
				CLANG_CXX_LANGUAGE_STANDARD = "gnu++14";
				CLANG_CXX_LIBRARY = "libc++";
				CLANG_ENABLE_MODULES = YES;
				CLANG_ENABLE_OBJC_ARC = YES;
				CLANG_ENABLE_OBJC_WEAK = YES;
				CLANG_WARN_BLOCK_CAPTURE_AUTORELEASING = YES;
				CLANG_WARN_BOOL_CONVERSION = YES;
				CLANG_WARN_COMMA = YES;
				CLANG_WARN_CONSTANT_CONVERSION = YES;
				CLANG_WARN_DEPRECATED_OBJC_IMPLEMENTATIONS = YES;
				CLANG_WARN_DIRECT_OBJC_ISA_USAGE = YES_ERROR;
				CLANG_WARN_DOCUMENTATION_COMMENTS = YES;
				CLANG_WARN_EMPTY_BODY = YES;
				CLANG_WARN_ENUM_CONVERSION = YES;
				CLANG_WARN_INFINITE_RECURSION = YES;
				CLANG_WARN_INT_CONVERSION = YES;
				CLANG_WARN_NON_LITERAL_NULL_CONVERSION = YES;
				CLANG_WARN_OBJC_IMPLICIT_RETAIN_SELF = YES;
				CLANG_WARN_OBJC_LITERAL_CONVERSION = YES;
				CLANG_WARN_OBJC_ROOT_CLASS = YES_ERROR;
				CLANG_WARN_QUOTED_INCLUDE_IN_FRAMEWORK_HEADER = YES;
				CLANG_WARN_RANGE_LOOP_ANALYSIS = YES;
				CLANG_WARN_STRICT_PROTOTYPES = YES;
				CLANG_WARN_SUSPICIOUS_MOVE = YES;
				CLANG_WARN_UNGUARDED_AVAILABILITY = YES_AGGRESSIVE;
				CLANG_WARN_UNREACHABLE_CODE = YES;
				CLANG_WARN__DUPLICATE_METHOD_MATCH = YES;
				COPY_PHASE_STRIP = NO;
				DEBUG_INFORMATION_FORMAT = "dwarf-with-dsym";
				ENABLE_NS_ASSERTIONS = NO;
				ENABLE_STRICT_OBJC_MSGSEND = YES;
				GCC_C_LANGUAGE_STANDARD = gnu11;
				GCC_NO_COMMON_BLOCKS = YES;
				GCC_WARN_64_TO_32_BIT_CONVERSION = YES;
				GCC_WARN_ABOUT_RETURN_TYPE = YES_ERROR;
				GCC_WARN_UNDECLARED_SELECTOR = YES;
				GCC_WARN_UNINITIALIZED_AUTOS = YES_AGGRESSIVE;
				GCC_WARN_UNUSED_FUNCTION = YES;
				GCC_WARN_UNUSED_VARIABLE = YES;
				IPHONEOS_DEPLOYMENT_TARGET = 13.0;
				MTL_ENABLE_DEBUG_INFO = NO;
				MTL_FAST_MATH = YES;
				SDKROOT = iphoneos;
				SWIFT_COMPILATION_MODE = wholemodule;
				SWIFT_OPTIMIZATION_LEVEL = "-O";
				VALIDATE_PRODUCT = YES;
			};
			name = Release;
		};
		63B16BC326C030ED00EFBBB5 /* Debug */ = {
			isa = XCBuildConfiguration;
			baseConfigurationReference = D5D70C59DAFFAECDFA4807A8 /* Pods-Instagram.debug.xcconfig */;
			buildSettings = {
				ASSETCATALOG_COMPILER_APPICON_NAME = AppIcon;
				ASSETCATALOG_COMPILER_GLOBAL_ACCENT_COLOR_NAME = AccentColor;
				CODE_SIGN_STYLE = Automatic;
				DEVELOPMENT_TEAM = AM4TM2M7C3;
				INFOPLIST_FILE = Instagram/Info.plist;
				LD_RUNPATH_SEARCH_PATHS = (
					"$(inherited)",
					"@executable_path/Frameworks",
				);
				PRODUCT_BUNDLE_IDENTIFIER = com.jixiang.Instagram;
				PRODUCT_NAME = "$(TARGET_NAME)";
				SWIFT_VERSION = 5.0;
				TARGETED_DEVICE_FAMILY = "1,2";
			};
			name = Debug;
		};
		63B16BC426C030ED00EFBBB5 /* Release */ = {
			isa = XCBuildConfiguration;
			baseConfigurationReference = 8E43D7430575703356329EC1 /* Pods-Instagram.release.xcconfig */;
			buildSettings = {
				ASSETCATALOG_COMPILER_APPICON_NAME = AppIcon;
				ASSETCATALOG_COMPILER_GLOBAL_ACCENT_COLOR_NAME = AccentColor;
				CODE_SIGN_STYLE = Automatic;
				DEVELOPMENT_TEAM = AM4TM2M7C3;
				INFOPLIST_FILE = Instagram/Info.plist;
				LD_RUNPATH_SEARCH_PATHS = (
					"$(inherited)",
					"@executable_path/Frameworks",
				);
				PRODUCT_BUNDLE_IDENTIFIER = com.jixiang.Instagram;
				PRODUCT_NAME = "$(TARGET_NAME)";
				SWIFT_VERSION = 5.0;
				TARGETED_DEVICE_FAMILY = "1,2";
			};
			name = Release;
		};
/* End XCBuildConfiguration section */

/* Begin XCConfigurationList section */
		63B16BA926C030EA00EFBBB5 /* Build configuration list for PBXProject "Instagram" */ = {
			isa = XCConfigurationList;
			buildConfigurations = (
				63B16BC026C030ED00EFBBB5 /* Debug */,
				63B16BC126C030ED00EFBBB5 /* Release */,
			);
			defaultConfigurationIsVisible = 0;
			defaultConfigurationName = Release;
		};
		63B16BC226C030ED00EFBBB5 /* Build configuration list for PBXNativeTarget "Instagram" */ = {
			isa = XCConfigurationList;
			buildConfigurations = (
				63B16BC326C030ED00EFBBB5 /* Debug */,
				63B16BC426C030ED00EFBBB5 /* Release */,
			);
			defaultConfigurationIsVisible = 0;
			defaultConfigurationName = Release;
		};
/* End XCConfigurationList section */
	};
	rootObject = 63B16BA626C030EA00EFBBB5 /* Project object */;
}
